
Microsoft Visual Studio Solution File, Format Version 12.00
# Visual Studio Version 16
VisualStudioVersion = 16.0.30413.136
MinimumVisualStudioVersion = 10.0.40219.1
Project("{8BC9CEB8-8B4A-11D0-8D11-00A0C91BC942}") = "RoomEscape1", "RoomEscape1.vcxproj", "{112D633C-D32A-41F5-82FE-D2467BDB2DAF}"
EndProject
Global
	GlobalSection(SolutionConfigurationPlatforms) = preSolution
		Debug|x64 = Debug|x64
		Debug|x86 = Debug|x86
		Release|x64 = Release|x64
		Release|x86 = Release|x86
	EndGlobalSection
	GlobalSection(ProjectConfigurationPlatforms) = postSolution
		{112D633C-D32A-41F5-82FE-D2467BDB2DAF}.Debug|x64.ActiveCfg = Debug|x64
		{112D633C-D32A-41F5-82FE-D2467BDB2DAF}.Debug|x64.Build.0 = Debug|x64
		{112D633C-D32A-41F5-82FE-D2467BDB2DAF}.Debug|x86.ActiveCfg = Debug|Win32
		{112D633C-D32A-41F5-82FE-D2467BDB2DAF}.Debug|x86.Build.0 = Debug|Win32
		{112D633C-D32A-41F5-82FE-D2467BDB2DAF}.Release|x64.ActiveCfg = Release|x64
		{112D633C-D32A-41F5-82FE-D2467BDB2DAF}.Release|x64.Build.0 = Release|x64
		{112D633C-D32A-41F5-82FE-D2467BDB2DAF}.Release|x86.ActiveCfg = Release|Win32
		{112D633C-D32A-41F5-82FE-D2467BDB2DAF}.Release|x86.Build.0 = Release|Win32
	EndGlobalSection
	GlobalSection(SolutionProperties) = preSolution
		HideSolutionNode = FALSE
	EndGlobalSection
	GlobalSection(ExtensibilityGlobals) = postSolution
		SolutionGuid = {F4E94ADF-D35D-46EB-889F-D2CA5F9CC17B}
	EndGlobalSection
EndGlobal
